<?xml version="1.0" encoding="utf-8"?>
<Project ToolsVersion="4.0" xmlns="http://schemas.microsoft.com/developer/msbuild/2003">
  <ItemGroup>
    <Filter Include="Source Files">
      <UniqueIdentifier>{4FC737F1-C7A5-4376-A066-2A32D752A2FF}</UniqueIdentifier>
      <Extensions>cpp;c;cc;cxx;def;odl;idl;hpj;bat;asm;asmx</Extensions>
    </Filter>
    <Filter Include="Header Files">
      <UniqueIdentifier>{93995380-89BD-4b04-88EB-625FBE52EBFB}</UniqueIdentifier>
      <Extensions>h;hh;hpp;hxx;hm;inl;inc;ipp;xsd</Extensions>
    </Filter>
    <Filter Include="Resource Files">
      <UniqueIdentifier>{67DA6AB6-F800-4c08-8B7A-83BB121AAD01}</UniqueIdentifier>
      <Extensions>rc;ico;cur;bmp;dlg;rc2;rct;bin;rgs;gif;jpg;jpeg;jpe;resx;tiff;tif;png;wav;mfcribbon-ms</Extensions>
    </Filter>
  </ItemGroup>
  <ItemGroup>
    <ClCompile Include="Helbing.cpp">
      <Filter>Source Files</Filter>
    </ClCompile>
    <ClCompile Include="HelbingAgent.cpp">
      <Filter>Source Files</Filter>
    </ClCompile>
    <ClCompile Include="HelbingAgentContext.cpp">
      <Filter>Source Files</Filter>
    </ClCompile>
    <ClCompile Include="HelbingDBEntry.cpp">
      <Filter>Source Files</Filter>
    </ClCompile>
    <ClCompile Include="HelbingInitializer.cpp">
      <Filter>Source Files</Filter>
    </ClCompile>
    <ClCompile Include="HelbingSimulator.cpp">
      <Filter>Source Files</Filter>
    </ClCompile>
  </ItemGroup>
  <ItemGroup>
    <ClInclude Include="Helbing.h">
      <Filter>Header Files</Filter>
    </ClInclude>
    <ClInclude Include="HelbingAgent.h">
      <Filter>Header Files</Filter>
    </ClInclude>
    <ClInclude Include="HelbingAgentContext.h">
      <Filter>Header Files</Filter>
    </ClInclude>
    <ClInclude Include="HelbingConfig.h">
      <Filter>Header Files</Filter>
    </ClInclude>
    <ClInclude Include="HelbingDBEntry.h">
      <Filter>Header Files</Filter>
    </ClInclude>
    <ClInclude Include="HelbingInitializer.h">
      <Filter>Header Files</Filter>
    </ClInclude>
    <ClInclude Include="HelbingSimulator.h">
      <Filter>Header Files</Filter>
    </ClInclude>
  </ItemGroup>
</Project>