
Microsoft Visual Studio Solution File, Format Version 12.00
# Visual Studio 15
VisualStudioVersion = 15.0.28010.2026
MinimumVisualStudioVersion = 10.0.40219.1
Project("{8BC9CEB8-8B4A-11D0-8D11-00A0C91BC942}") = "FusionCrowdMenge", "FusionCrowdMenge\FusionCrowdMenge.vcxproj", "{B891C234-7FCE-41BF-BBF0-3F2818482034}"
EndProject
Project("{8BC9CEB8-8B4A-11D0-8D11-00A0C91BC942}") = "TestMenge", "Test\Test.vcxproj", "{15E33B5E-7BEF-48DA-A96B-A3ADDC421895}"
EndProject
Project("{8BC9CEB8-8B4A-11D0-8D11-00A0C91BC942}") = "DLLConect", "DLLConect\DLLConect.vcxproj", "{5A6E3CF0-9A62-43A1-805C-035AD474709E}"
EndProject
Project("{8BC9CEB8-8B4A-11D0-8D11-00A0C91BC942}") = "AgtDummy", "AgtDummy\AgtDummy.vcxproj", "{A287EEDB-383C-41E1-BE81-9A31CA50E6D7}"
EndProject
Project("{8BC9CEB8-8B4A-11D0-8D11-00A0C91BC942}") = "AgtGCF", "AgtGCF\AgtGCF.vcxproj", "{1EA4C364-AD50-49F2-A4E7-E4EE17637AC6}"
EndProject
Project("{8BC9CEB8-8B4A-11D0-8D11-00A0C91BC942}") = "AgtHelbing", "AgtHelbing\AgtHelbing.vcxproj", "{69D4D538-A2B2-4103-8257-85573D087A5D}"
EndProject
Project("{8BC9CEB8-8B4A-11D0-8D11-00A0C91BC942}") = "AgtJohansson", "AgtJohansson\AgtJohansson.vcxproj", "{B32B57AA-917D-4268-A6A5-1D2C4AF2C74F}"
EndProject
Project("{8BC9CEB8-8B4A-11D0-8D11-00A0C91BC942}") = "AgtKaramouzas", "AgtKaramouzas\AgtKaramouzas.vcxproj", "{437AB7DA-E6FE-4C80-B668-446A2E175AB8}"
EndProject
Project("{8BC9CEB8-8B4A-11D0-8D11-00A0C91BC942}") = "AgtZanlungo", "AgtZanlungo\AgtZanlungo.vcxproj", "{31499E80-B6A3-42CC-8F38-7BB6844BD413}"
EndProject
Project("{8BC9CEB8-8B4A-11D0-8D11-00A0C91BC942}") = "FusionCrowd", "FusionCrowd\FusionCrowd.vcxproj", "{123E7DB0-E9BC-4064-9F4B-C5F7C268731E}"
EndProject
Global
	GlobalSection(SolutionConfigurationPlatforms) = preSolution
		Debug|x64 = Debug|x64
		Debug|x86 = Debug|x86
		Release|x64 = Release|x64
		Release|x86 = Release|x86
	EndGlobalSection
	GlobalSection(ProjectConfigurationPlatforms) = postSolution
		{B891C234-7FCE-41BF-BBF0-3F2818482034}.Debug|x64.ActiveCfg = Debug|x64
		{B891C234-7FCE-41BF-BBF0-3F2818482034}.Debug|x64.Build.0 = Debug|x64
		{B891C234-7FCE-41BF-BBF0-3F2818482034}.Debug|x86.ActiveCfg = Debug|Win32
		{B891C234-7FCE-41BF-BBF0-3F2818482034}.Debug|x86.Build.0 = Debug|Win32
		{B891C234-7FCE-41BF-BBF0-3F2818482034}.Release|x64.ActiveCfg = Release|x64
		{B891C234-7FCE-41BF-BBF0-3F2818482034}.Release|x64.Build.0 = Release|x64
		{B891C234-7FCE-41BF-BBF0-3F2818482034}.Release|x86.ActiveCfg = Release|Win32
		{B891C234-7FCE-41BF-BBF0-3F2818482034}.Release|x86.Build.0 = Release|Win32
		{15E33B5E-7BEF-48DA-A96B-A3ADDC421895}.Debug|x64.ActiveCfg = Debug|x64
		{15E33B5E-7BEF-48DA-A96B-A3ADDC421895}.Debug|x64.Build.0 = Debug|x64
		{15E33B5E-7BEF-48DA-A96B-A3ADDC421895}.Debug|x86.ActiveCfg = Debug|Win32
		{15E33B5E-7BEF-48DA-A96B-A3ADDC421895}.Debug|x86.Build.0 = Debug|Win32
		{15E33B5E-7BEF-48DA-A96B-A3ADDC421895}.Release|x64.ActiveCfg = Release|x64
		{15E33B5E-7BEF-48DA-A96B-A3ADDC421895}.Release|x64.Build.0 = Release|x64
		{15E33B5E-7BEF-48DA-A96B-A3ADDC421895}.Release|x86.ActiveCfg = Release|Win32
		{15E33B5E-7BEF-48DA-A96B-A3ADDC421895}.Release|x86.Build.0 = Release|Win32
		{5A6E3CF0-9A62-43A1-805C-035AD474709E}.Debug|x64.ActiveCfg = Debug|x64
		{5A6E3CF0-9A62-43A1-805C-035AD474709E}.Debug|x64.Build.0 = Debug|x64
		{5A6E3CF0-9A62-43A1-805C-035AD474709E}.Debug|x86.ActiveCfg = Debug|Win32
		{5A6E3CF0-9A62-43A1-805C-035AD474709E}.Debug|x86.Build.0 = Debug|Win32
		{5A6E3CF0-9A62-43A1-805C-035AD474709E}.Release|x64.ActiveCfg = Release|x64
		{5A6E3CF0-9A62-43A1-805C-035AD474709E}.Release|x64.Build.0 = Release|x64
		{5A6E3CF0-9A62-43A1-805C-035AD474709E}.Release|x86.ActiveCfg = Release|Win32
		{5A6E3CF0-9A62-43A1-805C-035AD474709E}.Release|x86.Build.0 = Release|Win32
		{A287EEDB-383C-41E1-BE81-9A31CA50E6D7}.Debug|x64.ActiveCfg = Debug|x64
		{A287EEDB-383C-41E1-BE81-9A31CA50E6D7}.Debug|x64.Build.0 = Debug|x64
		{A287EEDB-383C-41E1-BE81-9A31CA50E6D7}.Debug|x86.ActiveCfg = Debug|Win32
		{A287EEDB-383C-41E1-BE81-9A31CA50E6D7}.Debug|x86.Build.0 = Debug|Win32
		{A287EEDB-383C-41E1-BE81-9A31CA50E6D7}.Release|x64.ActiveCfg = Release|x64
		{A287EEDB-383C-41E1-BE81-9A31CA50E6D7}.Release|x64.Build.0 = Release|x64
		{A287EEDB-383C-41E1-BE81-9A31CA50E6D7}.Release|x86.ActiveCfg = Release|Win32
		{A287EEDB-383C-41E1-BE81-9A31CA50E6D7}.Release|x86.Build.0 = Release|Win32
		{1EA4C364-AD50-49F2-A4E7-E4EE17637AC6}.Debug|x64.ActiveCfg = Debug|x64
		{1EA4C364-AD50-49F2-A4E7-E4EE17637AC6}.Debug|x64.Build.0 = Debug|x64
		{1EA4C364-AD50-49F2-A4E7-E4EE17637AC6}.Debug|x86.ActiveCfg = Debug|Win32
		{1EA4C364-AD50-49F2-A4E7-E4EE17637AC6}.Debug|x86.Build.0 = Debug|Win32
		{1EA4C364-AD50-49F2-A4E7-E4EE17637AC6}.Release|x64.ActiveCfg = Release|x64
		{1EA4C364-AD50-49F2-A4E7-E4EE17637AC6}.Release|x64.Build.0 = Release|x64
		{1EA4C364-AD50-49F2-A4E7-E4EE17637AC6}.Release|x86.ActiveCfg = Release|Win32
		{1EA4C364-AD50-49F2-A4E7-E4EE17637AC6}.Release|x86.Build.0 = Release|Win32
		{69D4D538-A2B2-4103-8257-85573D087A5D}.Debug|x64.ActiveCfg = Debug|x64
		{69D4D538-A2B2-4103-8257-85573D087A5D}.Debug|x64.Build.0 = Debug|x64
		{69D4D538-A2B2-4103-8257-85573D087A5D}.Debug|x86.ActiveCfg = Debug|Win32
		{69D4D538-A2B2-4103-8257-85573D087A5D}.Debug|x86.Build.0 = Debug|Win32
		{69D4D538-A2B2-4103-8257-85573D087A5D}.Release|x64.ActiveCfg = Release|x64
		{69D4D538-A2B2-4103-8257-85573D087A5D}.Release|x64.Build.0 = Release|x64
		{69D4D538-A2B2-4103-8257-85573D087A5D}.Release|x86.ActiveCfg = Release|Win32
		{69D4D538-A2B2-4103-8257-85573D087A5D}.Release|x86.Build.0 = Release|Win32
		{B32B57AA-917D-4268-A6A5-1D2C4AF2C74F}.Debug|x64.ActiveCfg = Debug|x64
		{B32B57AA-917D-4268-A6A5-1D2C4AF2C74F}.Debug|x64.Build.0 = Debug|x64
		{B32B57AA-917D-4268-A6A5-1D2C4AF2C74F}.Debug|x86.ActiveCfg = Debug|Win32
		{B32B57AA-917D-4268-A6A5-1D2C4AF2C74F}.Debug|x86.Build.0 = Debug|Win32
		{B32B57AA-917D-4268-A6A5-1D2C4AF2C74F}.Release|x64.ActiveCfg = Release|x64
		{B32B57AA-917D-4268-A6A5-1D2C4AF2C74F}.Release|x64.Build.0 = Release|x64
		{B32B57AA-917D-4268-A6A5-1D2C4AF2C74F}.Release|x86.ActiveCfg = Release|Win32
		{B32B57AA-917D-4268-A6A5-1D2C4AF2C74F}.Release|x86.Build.0 = Release|Win32
		{437AB7DA-E6FE-4C80-B668-446A2E175AB8}.Debug|x64.ActiveCfg = Debug|x64
		{437AB7DA-E6FE-4C80-B668-446A2E175AB8}.Debug|x64.Build.0 = Debug|x64
		{437AB7DA-E6FE-4C80-B668-446A2E175AB8}.Debug|x86.ActiveCfg = Debug|Win32
		{437AB7DA-E6FE-4C80-B668-446A2E175AB8}.Debug|x86.Build.0 = Debug|Win32
		{437AB7DA-E6FE-4C80-B668-446A2E175AB8}.Release|x64.ActiveCfg = Release|x64
		{437AB7DA-E6FE-4C80-B668-446A2E175AB8}.Release|x64.Build.0 = Release|x64
		{437AB7DA-E6FE-4C80-B668-446A2E175AB8}.Release|x86.ActiveCfg = Release|Win32
		{437AB7DA-E6FE-4C80-B668-446A2E175AB8}.Release|x86.Build.0 = Release|Win32
		{31499E80-B6A3-42CC-8F38-7BB6844BD413}.Debug|x64.ActiveCfg = Debug|x64
		{31499E80-B6A3-42CC-8F38-7BB6844BD413}.Debug|x64.Build.0 = Debug|x64
		{31499E80-B6A3-42CC-8F38-7BB6844BD413}.Debug|x86.ActiveCfg = Debug|Win32
		{31499E80-B6A3-42CC-8F38-7BB6844BD413}.Debug|x86.Build.0 = Debug|Win32
		{31499E80-B6A3-42CC-8F38-7BB6844BD413}.Release|x64.ActiveCfg = Release|x64
		{31499E80-B6A3-42CC-8F38-7BB6844BD413}.Release|x64.Build.0 = Release|x64
		{31499E80-B6A3-42CC-8F38-7BB6844BD413}.Release|x86.ActiveCfg = Release|Win32
		{31499E80-B6A3-42CC-8F38-7BB6844BD413}.Release|x86.Build.0 = Release|Win32
		{123E7DB0-E9BC-4064-9F4B-C5F7C268731E}.Debug|x64.ActiveCfg = Debug|x64
		{123E7DB0-E9BC-4064-9F4B-C5F7C268731E}.Debug|x64.Build.0 = Debug|x64
		{123E7DB0-E9BC-4064-9F4B-C5F7C268731E}.Debug|x86.ActiveCfg = Debug|Win32
		{123E7DB0-E9BC-4064-9F4B-C5F7C268731E}.Debug|x86.Build.0 = Debug|Win32
		{123E7DB0-E9BC-4064-9F4B-C5F7C268731E}.Release|x64.ActiveCfg = Release|x64
		{123E7DB0-E9BC-4064-9F4B-C5F7C268731E}.Release|x64.Build.0 = Release|x64
		{123E7DB0-E9BC-4064-9F4B-C5F7C268731E}.Release|x86.ActiveCfg = Release|Win32
		{123E7DB0-E9BC-4064-9F4B-C5F7C268731E}.Release|x86.Build.0 = Release|Win32
	EndGlobalSection
	GlobalSection(SolutionProperties) = preSolution
		HideSolutionNode = FALSE
	EndGlobalSection
	GlobalSection(ExtensibilityGlobals) = postSolution
		SolutionGuid = {73ED1FE5-E2B6-4888-A981-D182068AB6F7}
	EndGlobalSection
EndGlobal
