<?xml version="1.0" encoding="utf-8"?>
<Project ToolsVersion="4.0" xmlns="http://schemas.microsoft.com/developer/msbuild/2003">
  <ItemGroup>
    <Filter Include="Source Files">
      <UniqueIdentifier>{4FC737F1-C7A5-4376-A066-2A32D752A2FF}</UniqueIdentifier>
      <Extensions>cpp;c;cc;cxx;def;odl;idl;hpj;bat;asm;asmx</Extensions>
    </Filter>
    <Filter Include="Header Files">
      <UniqueIdentifier>{93995380-89BD-4b04-88EB-625FBE52EBFB}</UniqueIdentifier>
      <Extensions>h;hh;hpp;hxx;hm;inl;inc;ipp;xsd</Extensions>
    </Filter>
    <Filter Include="Resource Files">
      <UniqueIdentifier>{67DA6AB6-F800-4c08-8B7A-83BB121AAD01}</UniqueIdentifier>
      <Extensions>rc;ico;cur;bmp;dlg;rc2;rct;bin;rgs;gif;jpg;jpeg;jpe;resx;tiff;tif;png;wav;mfcribbon-ms</Extensions>
    </Filter>
  </ItemGroup>
  <ItemGroup>
    <ClCompile Include="Ellipse.cpp">
      <Filter>Source Files</Filter>
    </ClCompile>
    <ClCompile Include="GCF.cpp">
      <Filter>Source Files</Filter>
    </ClCompile>
    <ClCompile Include="GCFAgent.cpp">
      <Filter>Source Files</Filter>
    </ClCompile>
    <ClCompile Include="GCFAgentContext.cpp">
      <Filter>Source Files</Filter>
    </ClCompile>
    <ClCompile Include="GCFDBEntry.cpp">
      <Filter>Source Files</Filter>
    </ClCompile>
    <ClCompile Include="GCFInitializer.cpp">
      <Filter>Source Files</Filter>
    </ClCompile>
    <ClCompile Include="GCFSimulator.cpp">
      <Filter>Source Files</Filter>
    </ClCompile>
    <ClCompile Include="GCFVisAgent.cpp">
      <Filter>Source Files</Filter>
    </ClCompile>
  </ItemGroup>
  <ItemGroup>
    <ClInclude Include="Ellipse.h">
      <Filter>Header Files</Filter>
    </ClInclude>
    <ClInclude Include="GCF.h">
      <Filter>Header Files</Filter>
    </ClInclude>
    <ClInclude Include="GCFAgent.h">
      <Filter>Header Files</Filter>
    </ClInclude>
    <ClInclude Include="GCFAgentContext.h">
      <Filter>Header Files</Filter>
    </ClInclude>
    <ClInclude Include="GCFConfig.h">
      <Filter>Header Files</Filter>
    </ClInclude>
    <ClInclude Include="GCFDBEntry.h">
      <Filter>Header Files</Filter>
    </ClInclude>
    <ClInclude Include="GCFInitializer.h">
      <Filter>Header Files</Filter>
    </ClInclude>
    <ClInclude Include="GCFSimulator.h">
      <Filter>Header Files</Filter>
    </ClInclude>
    <ClInclude Include="GCFVisAgent.h">
      <Filter>Header Files</Filter>
    </ClInclude>
  </ItemGroup>
  <ItemGroup>
    <None Include="README.md" />
  </ItemGroup>
</Project>