<?xml version="1.0" encoding="utf-8"?>
<Project ToolsVersion="4.0" xmlns="http://schemas.microsoft.com/developer/msbuild/2003">
  <ItemGroup>
    <Filter Include="Source Files">
      <UniqueIdentifier>{4FC737F1-C7A5-4376-A066-2A32D752A2FF}</UniqueIdentifier>
      <Extensions>cpp;c;cc;cxx;def;odl;idl;hpj;bat;asm;asmx</Extensions>
    </Filter>
    <Filter Include="Header Files">
      <UniqueIdentifier>{93995380-89BD-4b04-88EB-625FBE52EBFB}</UniqueIdentifier>
      <Extensions>h;hh;hpp;hxx;hm;inl;inc;ipp;xsd</Extensions>
    </Filter>
    <Filter Include="Resource Files">
      <UniqueIdentifier>{67DA6AB6-F800-4c08-8B7A-83BB121AAD01}</UniqueIdentifier>
      <Extensions>rc;ico;cur;bmp;dlg;rc2;rct;bin;rgs;gif;jpg;jpeg;jpe;resx;tiff;tif;png;wav;mfcribbon-ms</Extensions>
    </Filter>
  </ItemGroup>
  <ItemGroup>
    <ClInclude Include="pch.h">
      <Filter>Header Files</Filter>
    </ClInclude>
    <ClInclude Include="TestCases\NeighbourSearchBenchCase.h">
      <Filter>Header Files</Filter>
    </ClInclude>
    <ClInclude Include="ThirdParty\date.h">
      <Filter>Header Files</Filter>
    </ClInclude>
    <ClInclude Include="TestCases\CrossingTestCase.h">
      <Filter>Header Files</Filter>
    </ClInclude>
    <ClInclude Include="TestCases\PinholeTestCase.h">
      <Filter>Header Files</Filter>
    </ClInclude>
    <ClInclude Include="TestCases\TshapedFancyTestCase.h">
      <Filter>Header Files</Filter>
    </ClInclude>
    <ClInclude Include="TestCases\ITestCase.h">
      <Filter>Header Files</Filter>
    </ClInclude>
    <ClInclude Include="TestCases\Utils.h">
      <Filter>Header Files</Filter>
    </ClInclude>
    <ClInclude Include="TestCases\StenkaNaStenkuTestCase.h">
      <Filter>Header Files</Filter>
    </ClInclude>
    <ClInclude Include="TestCases\TradeshowTestCase.h">
      <Filter>Header Files</Filter>
    </ClInclude>
    <ClInclude Include="TestCases\ExchangeCircleCase.h">
      <Filter>Header Files</Filter>
    </ClInclude>
    <ClInclude Include="TestCases\Groups\GroupMovementTestCase.h">
      <Filter>Header Files</Filter>
    </ClInclude>
    <ClInclude Include="TestCases\Groups\GroupPerformanceTestCase.h">
      <Filter>Header Files</Filter>
    </ClInclude>
    <ClInclude Include="TestCases\Components\FsmTestCase.h">
      <Filter>Header Files</Filter>
    </ClInclude>
    <ClInclude Include="TestCases\Components\NavGraphTestCase.h">
      <Filter>Header Files</Filter>
    </ClInclude>
    <ClInclude Include="TestCases\Components\ZanlungoCase.h">
      <Filter>Header Files</Filter>
    </ClInclude>
    <ClInclude Include="TestCases\Components\GoalShapeTestCase.h">
      <Filter>Header Files</Filter>
    </ClInclude>
  </ItemGroup>
  <ItemGroup>
    <ClCompile Include="pch.cpp">
      <Filter>Source Files</Filter>
    </ClCompile>
    <ClCompile Include="TestFusionCrowd.cpp">
      <Filter>Source Files</Filter>
    </ClCompile>
    <ClCompile Include="TestCases\NeighbourSearchBenchCase.cpp">
      <Filter>Source Files</Filter>
    </ClCompile>
    <ClCompile Include="TestCases\CrossingTestCase.cpp">
      <Filter>Source Files</Filter>
    </ClCompile>
    <ClCompile Include="TestCases\PinholeTestCase.cpp">
      <Filter>Source Files</Filter>
    </ClCompile>
    <ClCompile Include="TestCases\TshapedFancyTestCase.cpp">
      <Filter>Source Files</Filter>
    </ClCompile>
    <ClCompile Include="TestCases\StenkaNaStenkuTestCase.cpp">
      <Filter>Source Files</Filter>
    </ClCompile>
    <ClCompile Include="TestCases\TradeshowTestCase.cpp">
      <Filter>Source Files</Filter>
    </ClCompile>
    <ClCompile Include="TestCases\ExchangeCircleCase.cpp">
      <Filter>Source Files</Filter>
    </ClCompile>
    <ClCompile Include="TestCases\Groups\GroupMovementTestCase.cpp">
      <Filter>Source Files</Filter>
    </ClCompile>
    <ClCompile Include="TestCases\Groups\GroupPerformanceTestCase.cpp">
      <Filter>Source Files</Filter>
    </ClCompile>
    <ClCompile Include="TestCases\Components\FsmTestCase.cpp">
      <Filter>Source Files</Filter>
    </ClCompile>
    <ClCompile Include="TestCases\Components\NavGraphTestCase.cpp">
      <Filter>Source Files</Filter>
    </ClCompile>
    <ClCompile Include="TestCases\Components\ZanlungoCase.cpp">
      <Filter>Source Files</Filter>
    </ClCompile>
    <ClCompile Include="TestCases\Components\GoalShapeTestCase.cpp">
      <Filter>Source Files</Filter>
    </ClCompile>
  </ItemGroup>
  <ItemGroup>
    <None Include="Resources\simple.nav">
      <Filter>Resource Files</Filter>
    </None>
    <None Include="packages.config" />
    <None Include="Resources\square.nav" />
    <None Include="Resources\TradeshowAgents.txt" />
    <None Include="Resources\tradeshow.nav" />
    <None Include="Resources\t-shaped-fancy.nav" />
    <None Include="Resources\pinhole.nav" />
    <None Include="Resources\graph.nav" />
    <None Include="Resources\crossing.nav" />
    <None Include="Resources\circle.navgraph" />
    <None Include="Resources\twocycles.navgraph" />
    <None Include="Resources\graph\randomgrid.navgraph" />
    <None Include="Resources\graph\twocycles.navgraph" />
    <None Include="Resources\graph\circle.navgraph" />
  </ItemGroup>
</Project>