<?xml version="1.0" encoding="utf-8"?>
<Project ToolsVersion="4.0" xmlns="http://schemas.microsoft.com/developer/msbuild/2003">
  <ItemGroup>
    <Filter Include="Source Files">
      <UniqueIdentifier>{4FC737F1-C7A5-4376-A066-2A32D752A2FF}</UniqueIdentifier>
      <Extensions>cpp;c;cc;cxx;def;odl;idl;hpj;bat;asm;asmx</Extensions>
    </Filter>
    <Filter Include="Header Files">
      <UniqueIdentifier>{93995380-89BD-4b04-88EB-625FBE52EBFB}</UniqueIdentifier>
      <Extensions>h;hh;hpp;hxx;hm;inl;inc;ipp;xsd</Extensions>
    </Filter>
    <Filter Include="Resource Files">
      <UniqueIdentifier>{67DA6AB6-F800-4c08-8B7A-83BB121AAD01}</UniqueIdentifier>
      <Extensions>rc;ico;cur;bmp;dlg;rc2;rct;bin;rgs;gif;jpg;jpeg;jpe;resx;tiff;tif;png;wav;mfcribbon-ms</Extensions>
    </Filter>
  </ItemGroup>
  <ItemGroup>
    <ClInclude Include="ITacticComponent.h">
      <Filter>Header Files</Filter>
    </ClInclude>
    <ClInclude Include="IOperComponent.h">
      <Filter>Header Files</Filter>
    </ClInclude>
    <ClInclude Include="Simulator.h">
      <Filter>Header Files</Filter>
    </ClInclude>
    <ClInclude Include="NavSystem.h">
      <Filter>Header Files</Filter>
    </ClInclude>
    <ClInclude Include="Agent.h">
      <Filter>Header Files</Filter>
    </ClInclude>
    <ClInclude Include="IStrategyComponent.h">
      <Filter>Header Files</Filter>
    </ClInclude>
    <ClInclude Include="NavComponents\INavComponent.h">
      <Filter>Header Files</Filter>
    </ClInclude>
    <ClInclude Include="NavComponents\NavMeshCompnent.h">
      <Filter>Header Files</Filter>
    </ClInclude>
    <ClInclude Include="Math\consts.h">
      <Filter>Header Files</Filter>
    </ClInclude>
    <ClInclude Include="Math\vector.h">
      <Filter>Header Files</Filter>
    </ClInclude>
    <ClInclude Include="Math\Vector2.h">
      <Filter>Header Files</Filter>
    </ClInclude>
    <ClInclude Include="Math\Vector3.h">
      <Filter>Header Files</Filter>
    </ClInclude>
    <ClInclude Include="Math\geomQuery.h">
      <Filter>Header Files</Filter>
    </ClInclude>
    <ClInclude Include="NavComponents\NavMesh\NavMesh.h">
      <Filter>Header Files</Filter>
    </ClInclude>
    <ClInclude Include="NavComponents\NavMesh\NavMeshEdge.h">
      <Filter>Header Files</Filter>
    </ClInclude>
    <ClInclude Include="NavComponents\NavMesh\NavMeshObstacle.h">
      <Filter>Header Files</Filter>
    </ClInclude>
    <ClInclude Include="NavComponents\NavMesh\NavMeshNode.h">
      <Filter>Header Files</Filter>
    </ClInclude>
    <ClInclude Include="NavComponents\Obstacle.h">
      <Filter>Header Files</Filter>
    </ClInclude>
    <ClInclude Include="NavComponents\NavMesh\NavMeshPoly.h">
      <Filter>Header Files</Filter>
    </ClInclude>
    <ClInclude Include="Path\PortalPath.h">
      <Filter>Header Files</Filter>
    </ClInclude>
    <ClInclude Include="Path\Route.h">
      <Filter>Header Files</Filter>
    </ClInclude>
    <ClInclude Include="Path\WayPortal.h">
      <Filter>Header Files</Filter>
    </ClInclude>
    <ClInclude Include="Path\PrefVelocity.h">
      <Filter>Header Files</Filter>
    </ClInclude>
    <ClInclude Include="Goal\Goal.h">
      <Filter>Header Files</Filter>
    </ClInclude>
    <ClInclude Include="Math\Geometry2D.h">
      <Filter>Header Files</Filter>
    </ClInclude>
    <ClInclude Include="Goal\GoalSet.h">
      <Filter>Header Files</Filter>
    </ClInclude>
    <ClInclude Include="Path\PathPlanner.h">
      <Filter>Header Files</Filter>
    </ClInclude>
    <ClInclude Include="Path\Funnel.h">
      <Filter>Header Files</Filter>
    </ClInclude>
    <ClInclude Include="Path\MinHeap.h">
      <Filter>Header Files</Filter>
    </ClInclude>
    <ClInclude Include="NavComponents\NavMesh\Resource.h">
      <Filter>Header Files</Filter>
    </ClInclude>
    <ClInclude Include="NavComponents\NavMesh\NavMeshLocalizer.h">
      <Filter>Header Files</Filter>
    </ClInclude>
    <ClInclude Include="NavComponents\NavMesh\ResourceManager.h">
      <Filter>Header Files</Filter>
    </ClInclude>
    <ClInclude Include="Config.h">
      <Filter>Header Files</Filter>
    </ClInclude>
    <ClInclude Include="Goal\PointGoal.h">
      <Filter>Header Files</Filter>
    </ClInclude>
    <ClInclude Include="OperationComponent\HelbingComponent.h">
      <Filter>Header Files</Filter>
    </ClInclude>
    <ClInclude Include="OperationComponent\Helbing\HelbingParameters.h">
      <Filter>Header Files</Filter>
    </ClInclude>
    <ClInclude Include="OperationComponent\ORCAComponent.h">
      <Filter>Header Files</Filter>
    </ClInclude>
    <ClInclude Include="OperationComponent\SpatialQuery\SpatialQuery.h">
      <Filter>Header Files</Filter>
    </ClInclude>
    <ClInclude Include="OperationComponent\SpatialQuery\NavMeshSpatialQuery.h">
      <Filter>Header Files</Filter>
    </ClInclude>
    <ClInclude Include="OperationComponent\SpatialQuery\ProximityQuery.h">
      <Filter>Header Files</Filter>
    </ClInclude>
    <ClInclude Include="OperationComponent\SpatialQuery\SpatialQueryStructs.h">
      <Filter>Header Files</Filter>
    </ClInclude>
    <ClInclude Include="Math\Line.h">
      <Filter>Header Files</Filter>
    </ClInclude>
    <ClInclude Include="OperationComponent\KaramouzasComponent.h">
      <Filter>Header Files</Filter>
    </ClInclude>
  </ItemGroup>
  <ItemGroup>
    <ClCompile Include="Simulator.cpp">
      <Filter>Source Files</Filter>
    </ClCompile>
    <ClCompile Include="NavSystem.cpp">
      <Filter>Source Files</Filter>
    </ClCompile>
    <ClCompile Include="Agent.cpp">
      <Filter>Source Files</Filter>
    </ClCompile>
    <ClCompile Include="NavComponents\NavMeshCompnent.cpp">
      <Filter>Source Files</Filter>
    </ClCompile>
    <ClCompile Include="Math\geomQuery.cpp">
      <Filter>Source Files</Filter>
    </ClCompile>
    <ClCompile Include="NavComponents\NavMesh\NavMesh.cpp">
      <Filter>Source Files</Filter>
    </ClCompile>
    <ClCompile Include="NavComponents\NavMesh\NavMeshEdge.cpp">
      <Filter>Source Files</Filter>
    </ClCompile>
    <ClCompile Include="NavComponents\NavMesh\NavMeshObstacle.cpp">
      <Filter>Source Files</Filter>
    </ClCompile>
    <ClCompile Include="NavComponents\NavMesh\NavMeshNode.cpp">
      <Filter>Source Files</Filter>
    </ClCompile>
    <ClCompile Include="NavComponents\Obstacle.cpp">
      <Filter>Source Files</Filter>
    </ClCompile>
    <ClCompile Include="NavComponents\NavMesh\NavMeshPoly.cpp">
      <Filter>Source Files</Filter>
    </ClCompile>
    <ClCompile Include="Path\PortalPath.cpp">
      <Filter>Source Files</Filter>
    </ClCompile>
    <ClCompile Include="Path\Route.cpp">
      <Filter>Source Files</Filter>
    </ClCompile>
    <ClCompile Include="Path\WayPortal.cpp">
      <Filter>Source Files</Filter>
    </ClCompile>
    <ClCompile Include="Path\PrefVelocity.cpp">
      <Filter>Source Files</Filter>
    </ClCompile>
    <ClCompile Include="Goal\Goal.cpp">
      <Filter>Source Files</Filter>
    </ClCompile>
    <ClCompile Include="Math\Geometry2D.cpp">
      <Filter>Source Files</Filter>
    </ClCompile>
    <ClCompile Include="Goal\GoalSet.cpp">
      <Filter>Source Files</Filter>
    </ClCompile>
    <ClCompile Include="Path\PathPlanner.cpp">
      <Filter>Source Files</Filter>
    </ClCompile>
    <ClCompile Include="Path\Funnel.cpp">
      <Filter>Source Files</Filter>
    </ClCompile>
    <ClCompile Include="Path\MinHeap.cpp">
      <Filter>Source Files</Filter>
    </ClCompile>
    <ClCompile Include="NavComponents\NavMesh\Resource.cpp">
      <Filter>Source Files</Filter>
    </ClCompile>
    <ClCompile Include="NavComponents\NavMesh\NavMeshLocalizer.cpp">
      <Filter>Source Files</Filter>
    </ClCompile>
    <ClCompile Include="NavComponents\NavMesh\ResourceManager.cpp">
      <Filter>Source Files</Filter>
    </ClCompile>
    <ClCompile Include="Goal\PointGoal.cpp">
      <Filter>Source Files</Filter>
    </ClCompile>
    <ClCompile Include="OperationComponent\HelbingComponent.cpp">
      <Filter>Source Files</Filter>
    </ClCompile>
    <ClCompile Include="OperationComponent\Helbing\HelbingParameters.cpp">
      <Filter>Source Files</Filter>
    </ClCompile>
    <ClCompile Include="OperationComponent\ORCAComponent.cpp">
      <Filter>Source Files</Filter>
    </ClCompile>
    <ClCompile Include="OperationComponent\SpatialQuery\SpatialQuery.cpp">
      <Filter>Source Files</Filter>
    </ClCompile>
    <ClCompile Include="OperationComponent\SpatialQuery\NavMeshSpatialQuery.cpp">
      <Filter>Source Files</Filter>
    </ClCompile>
    <ClCompile Include="Math\Line.cpp">
      <Filter>Source Files</Filter>
    </ClCompile>
    <ClCompile Include="OperationComponent\KaramouzasComponent.cpp">
      <Filter>Source Files</Filter>
    </ClCompile>
  </ItemGroup>
</Project>