<?xml version="1.0" encoding="utf-8"?>
<Project ToolsVersion="4.0" xmlns="http://schemas.microsoft.com/developer/msbuild/2003">
  <ItemGroup>
    <ClCompile Include="Simulator.cpp" />
    <ClCompile Include="Agent.cpp" />
    <ClCompile Include="Math\geomQuery.cpp" />
    <ClCompile Include="Math\Line.cpp" />
    <ClCompile Include="AgentShape\Ellipse.cpp" />
    <ClCompile Include="StrategyComponent\Goal\Goal.cpp" />
    <ClCompile Include="Navigation\NavMesh\NavMesh.cpp" />
    <ClCompile Include="Navigation\NavMesh\NavMeshEdge.cpp" />
    <ClCompile Include="Navigation\NavMesh\NavMeshNode.cpp" />
    <ClCompile Include="Navigation\NavMesh\NavMeshObstacle.cpp" />
    <ClCompile Include="Navigation\NavMesh\NavMeshPoly.cpp" />
    <ClCompile Include="Navigation\NavSystem.cpp" />
    <ClCompile Include="Navigation\Obstacle.cpp" />
    <ClCompile Include="OperationComponent\KaramouzasComponent.cpp" />
    <ClCompile Include="OperationComponent\ORCAComponent.cpp" />
    <ClCompile Include="Navigation\SpatialQuery\NavMeshSpatialQuery.cpp" />
    <ClCompile Include="OperationComponent\PedVOComponent.cpp" />
    <ClCompile Include="Navigation\FastFixedRadiusNearestNeighbors\GpuCalculator.cpp" />
    <ClCompile Include="Navigation\FastFixedRadiusNearestNeighbors\GpuHelper.cpp" />
    <ClCompile Include="Navigation\FastFixedRadiusNearestNeighbors\NeighborsSeeker.cpp" />
    <ClCompile Include="Navigation\OnlineRecording\OnlineRecording.cpp" />
    <ClCompile Include="Navigation\OnlineRecording\OnlineRecordingSlice.cpp" />
    <ClCompile Include="OperationComponent\HelbingComponent.cpp" />
    <ClCompile Include="OperationComponent\ZanlungoComponent.cpp" />
    <ClCompile Include="OperationComponent\SwitchingComponent.cpp" />
    <ClCompile Include="Benchmark\MicroscopicMetric.cpp" />
    <ClCompile Include="Util\RecordingSerializer.cpp" />
    <ClCompile Include="Export\Export.cpp" />
    <ClCompile Include="StrategyComponent\FSM\FsmStrategy.cpp" />
    <ClCompile Include="StrategyComponent\FSM\Fsm.cpp" />
    <ClCompile Include="OperationComponent\GCFComponent.cpp" />
    <ClCompile Include="Navigation\NavMesh\QuadTree.cpp" />
    <ClCompile Include="Navigation\NavMesh\Modification\ModificationHelper.cpp" />
    <ClCompile Include="Navigation\NavMesh\Modification\NavMeshModification.cpp" />
    <ClCompile Include="Navigation\NavMesh\Modification\ModificationProcessor.cpp" />
    <ClCompile Include="Navigation\NavGraph\NavGraph.cpp" />
    <ClCompile Include="Navigation\NavMesh\Modification\PolygonPreprocessor.cpp" />
    <ClCompile Include="OperationComponent\BicycleComponent.cpp" />
    <ClCompile Include="Navigation\NavMesh\Modification\EdgeObstacleReplaner.cpp" />
    <ClCompile Include="OperationComponent\StrictComponent.cpp" />
    <ClCompile Include="TacticComponent\ExternalControl.cpp" />
    <ClCompile Include="Group\IGroup.cpp" />
    <ClCompile Include="Group\GridGroup.cpp" />
    <ClCompile Include="Group\GuidedGroup.cpp" />
    <ClCompile Include="Navigation\NeighborInfo.cpp" />
    <ClCompile Include="Navigation\AgentSpatialInfo.cpp" />
    <ClCompile Include="TacticComponent\NavGraph\NavGraphComponent.cpp" />
    <ClCompile Include="TacticComponent\NavGraph\NavGraphPathPlanner.cpp" />
    <ClCompile Include="TacticComponent\NavMesh\NavMeshComponent.cpp" />
    <ClCompile Include="TacticComponent\NavMesh\Path\Funnel.cpp" />
    <ClCompile Include="TacticComponent\NavMesh\Path\MinHeap.cpp" />
    <ClCompile Include="TacticComponent\NavMesh\Path\PathPlanner.cpp" />
    <ClCompile Include="TacticComponent\NavMesh\Path\PathRandomization.cpp" />
    <ClCompile Include="TacticComponent\NavMesh\Path\PortalPath.cpp" />
    <ClCompile Include="TacticComponent\NavMesh\Path\Route.cpp" />
    <ClCompile Include="TacticComponent\NavMesh\Path\WayPortal.cpp" />
    <ClCompile Include="Navigation\NavMesh\NavMeshLocalizer.cpp" />
    <ClCompile Include="TacticComponent\PrefVelocity.cpp" />
    <ClCompile Include="Math\Shapes\Geometry2D.cpp" />
    <ClCompile Include="Math\Shapes\PointShape.cpp" />
    <ClCompile Include="Math\Shapes\DiskShape.cpp" />
    <ClCompile Include="Math\Shapes\ConeShape.cpp" />
    <ClCompile Include="Math\Shapes\RectShape.cpp" />
  </ItemGroup>
  <ItemGroup>
    <ClInclude Include="Agent.h" />
    <ClInclude Include="Simulator.h" />
    <ClInclude Include="Math\consts.h" />
    <ClInclude Include="Math\geomQuery.h" />
    <ClInclude Include="Math\Util.h" />
    <ClInclude Include="Math\Line.h" />
    <ClInclude Include="OperationComponent\KaramouzasComponent.h" />
    <ClInclude Include="OperationComponent\IOperationComponent.h" />
    <ClInclude Include="StrategyComponent\Goal\Goal.h" />
    <ClInclude Include="TacticComponent\ITacticComponent.h" />
    <ClInclude Include="Navigation\NavMesh\NavMesh.h" />
    <ClInclude Include="Navigation\NavMesh\NavMeshEdge.h" />
    <ClInclude Include="Navigation\NavMesh\NavMeshNode.h" />
    <ClInclude Include="Navigation\NavMesh\NavMeshObstacle.h" />
    <ClInclude Include="Navigation\NavMesh\NavMeshPoly.h" />
    <ClInclude Include="Navigation\NavSystem.h" />
    <ClInclude Include="Navigation\Obstacle.h" />
    <ClInclude Include="OperationComponent\SpatialQuery\NavMeshSpatialQuery.h" />
    <ClInclude Include="AgentShape\Ellipse.h" />
    <ClInclude Include="Navigation\AgentSpatialInfo.h" />
    <ClInclude Include="OperationComponent\ORCAComponent.h" />
    <ClInclude Include="Navigation\SpatialQuery\NavMeshSpatialQuery.h" />
    <ClInclude Include="OperationComponent\PedVOComponent.h" />
    <ClInclude Include="Navigation\FastFixedRadiusNearestNeighbors\GpuCalculator.h" />
    <ClInclude Include="Navigation\FastFixedRadiusNearestNeighbors\GpuHelper.h" />
    <ClInclude Include="Navigation\FastFixedRadiusNearestNeighbors\NeighborsSeeker.h" />
    <ClInclude Include="Util\PublicSpatialInfo.h" />
    <ClInclude Include="Navigation\OnlineRecording\OnlineRecording.h" />
    <ClInclude Include="Navigation\OnlineRecording\OnlineRecordingSlice.h" />
    <ClInclude Include="OperationComponent\HelbingComponent.h" />
    <ClInclude Include="Benchmark\MicroscopicMetrics.h" />
    <ClInclude Include="OperationComponent\ZanlungoComponent.h" />
    <ClInclude Include="OperationComponent\SwitchingComponent.h" />
    <ClInclude Include="Util\spimpl.h" />
    <ClInclude Include="Navigation\FastFixedRadiusNearestNeighbors\NeighborsSeekerShader.h" />
    <ClInclude Include="Util\RecordingSerializer.h" />
    <ClInclude Include="Export\Export.h" />
    <ClInclude Include="Export\Config.h" />
    <ClInclude Include="Export\ComponentId.h" />
    <ClInclude Include="Export\IStrategyComponent.h" />
    <ClInclude Include="Export\FCArray.h" />
    <ClInclude Include="Export\IRecording.h" />
    <ClInclude Include="Export\IRecordingSlice.h" />
    <ClInclude Include="StrategyComponent\FSM\FsmStartegy.h" />
    <ClInclude Include="Export\Fsm\IStrategyConfigurator.h" />
    <ClInclude Include="Export\Fsm\IFsm.h" />
    <ClInclude Include="Export\ModelAgentParams.h" />
    <ClInclude Include="OperationComponent\GCFComponent.h" />
    <ClInclude Include="Navigation\NavMesh\QuadTree.h" />
    <ClInclude Include="Math\BoundingBox.h" />
    <ClInclude Include="Navigation\NavMesh\Modification\ModificationHelper.h" />
    <ClInclude Include="Navigation\NavMesh\Modification\NavMeshModification.h" />
    <ClInclude Include="Navigation\NavMesh\Modification\ModificationProcessor.h" />
    <ClInclude Include="Navigation\NavGraph\NavGraph.h" />
    <ClInclude Include="Export\INavSystemPublic.h" />
    <ClInclude Include="Export\INavMeshPublic.h" />
    <ClInclude Include="Navigation\NavMesh\Modification\Modificator.h" />
    <ClInclude Include="Navigation\NavMesh\Modification\PolygonPreprocessor.h" />
    <ClInclude Include="Export\NavGraph.h" />
    <ClInclude Include="OperationComponent\BicycleComponent.h" />
    <ClInclude Include="Navigation\NavMesh\Modification\EdgeObstacleReplaner.h" />
    <ClInclude Include="OperationComponent\StrictComponent.h" />
    <ClInclude Include="TacticComponent\ExternalControl.h" />
    <ClInclude Include="Export\IExternalControlInterface.h" />
    <ClInclude Include="Group\GridGroup.h" />
    <ClInclude Include="Group\IGroup.h" />
    <ClInclude Include="Group\GuidedGroup.h" />
    <ClInclude Include="Util\ctpl_stl.h" />
    <ClInclude Include="Navigation\NeighborInfo.h" />
    <ClInclude Include="TacticComponent\NavGraph\NavGraphComponent.h" />
    <ClInclude Include="TacticComponent\NavGraph\NavGraphPathPlanner.h" />
    <ClInclude Include="TacticComponent\NavMesh\NavMeshComponent.h" />
    <ClInclude Include="TacticComponent\NavMesh\Path\Funnel.h" />
    <ClInclude Include="TacticComponent\NavMesh\Path\MinHeap.h" />
    <ClInclude Include="TacticComponent\NavMesh\Path\PathPlanner.h" />
    <ClInclude Include="TacticComponent\NavMesh\Path\PathRandomization.h" />
    <ClInclude Include="TacticComponent\NavMesh\Path\PortalPath.h" />
    <ClInclude Include="TacticComponent\NavMesh\Path\Route.h" />
    <ClInclude Include="TacticComponent\NavMesh\Path\WayPortal.h" />
    <ClInclude Include="Navigation\NavMesh\NavMeshLocalizer.h" />
    <ClInclude Include="TacticComponent\PrefVelocity.h" />
    <ClInclude Include="Export\Math\Shapes.h" />
    <ClInclude Include="Math\Shapes\Geometry2D.h" />
    <ClInclude Include="Math\Shapes\PointShape.h" />
    <ClInclude Include="Math\Shapes\DiskShape.h" />
    <ClInclude Include="Math\Shapes\ConeShape.h" />
    <ClInclude Include="Math\Shapes\RectShape.h" />
  </ItemGroup>
  <ItemGroup>
    <None Include="packages.config" />
    <None Include="navgraph.spec" />
  </ItemGroup>
  <ItemGroup>
    <Text Include="Navigation\FastFixedRadiusNearestNeighbors\NeighborsSeeker.hlsl" />
  </ItemGroup>
  <ItemGroup>
    <Natvis Include="DirectX_SimpleMath_Vector2.natvis" />
  </ItemGroup>
</Project>